github.com/getsolus/solus-hugo-theme v0.0.0-20230226230447-fd1b1d04885e h1:TTZUyveXhb5/hqmLyQFxV2dbuQwSj31dWbyFaKxYZWU=
github.com/getsolus/solus-hugo-theme v0.0.0-20230226230447-fd1b1d04885e/go.mod h1:PtRjyN+HlRxmGC+kLj6yeybAKpCsTO629ABO+44jWpQ=
github.com/getsolus/solus-hugo-theme/themes/blog v0.0.0-20230226231318-402d4a5362a2 h1:ZnGsi8KcoowUk8VusNjLbLd+j7HL3QAO4EIIIvdE4yA=
github.com/getsolus/solus-hugo-theme/themes/blog v0.0.0-20230226231318-402d4a5362a2/go.mod h1:Xx3wttWUkdrFmKwIHlBrHdh7s3Zjn8/iQFW8Hcvdq0Y=
github.com/getsolus/solus-hugo-theme/themes/blog v0.0.0-20230227084633-79c303660193 h1:YUA+2idBaqtsIxEBGbvvngfi7BuEh6bQM+6qhZLeYQ8=
github.com/getsolus/solus-hugo-theme/themes/blog v0.0.0-20230227084633-79c303660193/go.mod h1:Xx3wttWUkdrFmKwIHlBrHdh7s3Zjn8/iQFW8Hcvdq0Y=
github.com/getsolus/solus-hugo-theme/themes/blog v0.0.0-20230227090229-14d2a62bb7ca h1:6/FAWnz4ZvUYkpaUhTOmEOZYz09z08dLZPQigxrtfSQ=
github.com/getsolus/solus-hugo-theme/themes/blog v0.0.0-20230227090229-14d2a62bb7ca/go.mod h1:Xx3wttWUkdrFmKwIHlBrHdh7s3Zjn8/iQFW8Hcvdq0Y=
github.com/getsolus/solus-hugo-theme/themes/blog v0.0.0-20230227093337-56d97067ce3a h1:8bmREj7O18tt9lKKddt0C58zsLhaFIuSDxFMs9E8aW0=
github.com/getsolus/solus-hugo-theme/themes/blog v0.0.0-20230227093337-56d97067ce3a/go.mod h1:Xx3wttWUkdrFmKwIHlBrHdh7s3Zjn8/iQFW8Hcvdq0Y=
github.com/getsolus/solus-hugo-theme/themes/solus v0.0.0-20230226231318-402d4a5362a2 h1:rRWHQJtJxC2d0BXOfAXynpjyp8qBLTvBsnmIBPIz0Ss=
github.com/getsolus/solus-hugo-theme/themes/solus v0.0.0-20230226231318-402d4a5362a2/go.mod h1:9hPDDcQIdjNvHMWq/wMvaz2PzHoozmeAozUdDfW/708=
github.com/getsolus/solus-hugo-theme/themes/solus v0.0.0-20230227084633-79c303660193 h1:Cd2fxWDnyAeMF7FPuExTu72n4dD3CXNDEOdWa7FOLjw=
github.com/getsolus/solus-hugo-theme/themes/solus v0.0.0-20230227084633-79c303660193/go.mod h1:9hPDDcQIdjNvHMWq/wMvaz2PzHoozmeAozUdDfW/708=
github.com/getsolus/solus-hugo-theme/themes/solus v0.0.0-20230227090229-14d2a62bb7ca h1:k2qmXEsUhDVj1IDmDRcXjGfEmWys0leeFzsLK3/GtFY=
github.com/getsolus/solus-hugo-theme/themes/solus v0.0.0-20230227090229-14d2a62bb7ca/go.mod h1:9hPDDcQIdjNvHMWq/wMvaz2PzHoozmeAozUdDfW/708=
github.com/getsolus/solus-hugo-theme/themes/solus v0.0.0-20230227093337-56d97067ce3a h1:myvmIDQvmRoMhwTFfxDRIe2Lsq9Smz9Ikm6ArN9p35o=
github.com/getsolus/solus-hugo-theme/themes/solus v0.0.0-20230227093337-56d97067ce3a/go.mod h1:9hPDDcQIdjNvHMWq/wMvaz2PzHoozmeAozUdDfW/708=
